PODS:
  - CalculateCalendarLogic (0.2.0)
  - Eureka (4.3.0)
  - FSCalendar (2.8.0)
  - Realm (3.11.1):
    - Realm/Headers (= 3.11.1)
  - Realm/Headers (3.11.1)
  - RealmSwift (3.11.1):
    - Realm (= 3.11.1)

DEPENDENCIES:
  - CalculateCalendarLogic
  - Eureka
  - FSCalendar
  - RealmSwift

SPEC REPOS:
  https://github.com/cocoapods/specs.git:
    - CalculateCalendarLogic
    - Eureka
    - FSCalendar
    - Realm
    - RealmSwift

SPEC CHECKSUMS:
  CalculateCalendarLogic: d7b6bf4ed6c0c21937efb7323c67d09cdb12a1ad
  Eureka: 6d711cb30ca333b4bc893110285a722ae3840114
  FSCalendar: 3a5ed3636e2ba1b83ebebfcf0c2603105a6f5efe
  Realm: 037c5919b9ceb59d6beed5d3b031096856b119b3
  RealmSwift: c9580133e73ef40ed340401af2dbc9a5790dfea7

PODFILE CHECKSUM: dde72360224e71da74f6c165b830e0360d112ac5

COCOAPODS: 1.5.3
