// !$*UTF8*$!
{
	archiveVersion = 1;
	classes = {
	};
	objectVersion = 50;
	objects = {

/* Begin PBXBuildFile section */
		1BA251F62197D0EA000EB7E2 /* AppDelegate.swift in Sources */ = {isa = PBXBuildFile; fileRef = 1BA251F52197D0EA000EB7E2 /* AppDelegate.swift */; };
		1BA251F82197D0EA000EB7E2 /* ViewController.swift in Sources */ = {isa = PBXBuildFile; fileRef = 1BA251F72197D0EA000EB7E2 /* ViewController.swift */; };
		1BA251FB2197D0EA000EB7E2 /* Main.storyboard in Resources */ = {isa = PBXBuildFile; fileRef = 1BA251F92197D0EA000EB7E2 /* Main.storyboard */; };
		1BA251FE2197D0EA000EB7E2 /* calender_app.xcdatamodeld in Sources */ = {isa = PBXBuildFile; fileRef = 1BA251FC2197D0EA000EB7E2 /* calender_app.xcdatamodeld */; };
		1BA252002197D0ED000EB7E2 /* Assets.xcassets in Resources */ = {isa = PBXBuildFile; fileRef = 1BA251FF2197D0ED000EB7E2 /* Assets.xcassets */; };
		1BA252032197D0ED000EB7E2 /* LaunchScreen.storyboard in Resources */ = {isa = PBXBuildFile; fileRef = 1BA252012197D0ED000EB7E2 /* LaunchScreen.storyboard */; };
		1BA2520E2197D0ED000EB7E2 /* calender_appTests.swift in Sources */ = {isa = PBXBuildFile; fileRef = 1BA2520D2197D0ED000EB7E2 /* calender_appTests.swift */; };
		1BA252192197D0ED000EB7E2 /* calender_appUITests.swift in Sources */ = {isa = PBXBuildFile; fileRef = 1BA252182197D0ED000EB7E2 /* calender_appUITests.swift */; };
/* End PBXBuildFile section */

/* Begin PBXContainerItemProxy section */
		1BA2520A2197D0ED000EB7E2 /* PBXContainerItemProxy */ = {
			isa = PBXContainerItemProxy;
			containerPortal = 1BA251EA2197D0EA000EB7E2 /* Project object */;
			proxyType = 1;
			remoteGlobalIDString = 1BA251F12197D0EA000EB7E2;
			remoteInfo = calender_app;
		};
		1BA252152197D0ED000EB7E2 /* PBXContainerItemProxy */ = {
			isa = PBXContainerItemProxy;
			containerPortal = 1BA251EA2197D0EA000EB7E2 /* Project object */;
			proxyType = 1;
			remoteGlobalIDString = 1BA251F12197D0EA000EB7E2;
			remoteInfo = calender_app;
		};
/* End PBXContainerItemProxy section */

/* Begin PBXFileReference section */
		1BA251F22197D0EA000EB7E2 /* calender_app.app */ = {isa = PBXFileReference; explicitFileType = wrapper.application; includeInIndex = 0; path = calender_app.app; sourceTree = BUILT_PRODUCTS_DIR; };
		1BA251F52197D0EA000EB7E2 /* AppDelegate.swift */ = {isa = PBXFileReference; lastKnownFileType = sourcecode.swift; path = AppDelegate.swift; sourceTree = "<group>"; };
		1BA251F72197D0EA000EB7E2 /* ViewController.swift */ = {isa = PBXFileReference; lastKnownFileType = sourcecode.swift; path = ViewController.swift; sourceTree = "<group>"; };
		1BA251FA2197D0EA000EB7E2 /* Base */ = {isa = PBXFileReference; lastKnownFileType = file.storyboard; name = Base; path = Base.lproj/Main.storyboard; sourceTree = "<group>"; };
		1BA251FD2197D0EA000EB7E2 /* calender_app.xcdatamodel */ = {isa = PBXFileReference; lastKnownFileType = wrapper.xcdatamodel; path = calender_app.xcdatamodel; sourceTree = "<group>"; };
		1BA251FF2197D0ED000EB7E2 /* Assets.xcassets */ = {isa = PBXFileReference; lastKnownFileType = folder.assetcatalog; path = Assets.xcassets; sourceTree = "<group>"; };
		1BA252022197D0ED000EB7E2 /* Base */ = {isa = PBXFileReference; lastKnownFileType = file.storyboard; name = Base; path = Base.lproj/LaunchScreen.storyboard; sourceTree = "<group>"; };
		1BA252042197D0ED000EB7E2 /* Info.plist */ = {isa = PBXFileReference; lastKnownFileType = text.plist.xml; path = Info.plist; sourceTree = "<group>"; };
		1BA252092197D0ED000EB7E2 /* calender_appTests.xctest */ = {isa = PBXFileReference; explicitFileType = wrapper.cfbundle; includeInIndex = 0; path = calender_appTests.xctest; sourceTree = BUILT_PRODUCTS_DIR; };
		1BA2520D2197D0ED000EB7E2 /* calender_appTests.swift */ = {isa = PBXFileReference; lastKnownFileType = sourcecode.swift; path = calender_appTests.swift; sourceTree = "<group>"; };
		1BA2520F2197D0ED000EB7E2 /* Info.plist */ = {isa = PBXFileReference; lastKnownFileType = text.plist.xml; path = Info.plist; sourceTree = "<group>"; };
		1BA252142197D0ED000EB7E2 /* calender_appUITests.xctest */ = {isa = PBXFileReference; explicitFileType = wrapper.cfbundle; includeInIndex = 0; path = calender_appUITests.xctest; sourceTree = BUILT_PRODUCTS_DIR; };
		1BA252182197D0ED000EB7E2 /* calender_appUITests.swift */ = {isa = PBXFileReference; lastKnownFileType = sourcecode.swift; path = calender_appUITests.swift; sourceTree = "<group>"; };
		1BA2521A2197D0ED000EB7E2 /* Info.plist */ = {isa = PBXFileReference; lastKnownFileType = text.plist.xml; path = Info.plist; sourceTree = "<group>"; };
/* End PBXFileReference section */

/* Begin PBXFrameworksBuildPhase section */
		1BA251EF2197D0EA000EB7E2 /* Frameworks */ = {
			isa = PBXFrameworksBuildPhase;
			buildActionMask = 2147483647;
			files = (
			);
			runOnlyForDeploymentPostprocessing = 0;
		};
		1BA252062197D0ED000EB7E2 /* Frameworks */ = {
			isa = PBXFrameworksBuildPhase;
			buildActionMask = 2147483647;
			files = (
			);
			runOnlyForDeploymentPostprocessing = 0;
		};
		1BA252112197D0ED000EB7E2 /* Frameworks */ = {
			isa = PBXFrameworksBuildPhase;
			buildActionMask = 2147483647;
			files = (
			);
			runOnlyForDeploymentPostprocessing = 0;
		};
/* End PBXFrameworksBuildPhase section */

/* Begin PBXGroup section */
		1BA251E92197D0EA000EB7E2 = {
			isa = PBXGroup;
			children = (
				1BA251F42197D0EA000EB7E2 /* calender_app */,
				1BA2520C2197D0ED000EB7E2 /* calender_appTests */,
				1BA252172197D0ED000EB7E2 /* calender_appUITests */,
				1BA251F32197D0EA000EB7E2 /* Products */,
			);
			sourceTree = "<group>";
		};
		1BA251F32197D0EA000EB7E2 /* Products */ = {
			isa = PBXGroup;
			children = (
				1BA251F22197D0EA000EB7E2 /* calender_app.app */,
				1BA252092197D0ED000EB7E2 /* calender_appTests.xctest */,
				1BA252142197D0ED000EB7E2 /* calender_appUITests.xctest */,
			);
			name = Products;
			sourceTree = "<group>";
		};
		1BA251F42197D0EA000EB7E2 /* calender_app */ = {
			isa = PBXGroup;
			children = (
				1BA251F52197D0EA000EB7E2 /* AppDelegate.swift */,
				1BA251F72197D0EA000EB7E2 /* ViewController.swift */,
				1BA251F92197D0EA000EB7E2 /* Main.storyboard */,
				1BA251FF2197D0ED000EB7E2 /* Assets.xcassets */,
				1BA252012197D0ED000EB7E2 /* LaunchScreen.storyboard */,
				1BA252042197D0ED000EB7E2 /* Info.plist */,
				1BA251FC2197D0EA000EB7E2 /* calender_app.xcdatamodeld */,
			);
			path = calender_app;
			sourceTree = "<group>";
		};
		1BA2520C2197D0ED000EB7E2 /* calender_appTests */ = {
			isa = PBXGroup;
			children = (
				1BA2520D2197D0ED000EB7E2 /* calender_appTests.swift */,
				1BA2520F2197D0ED000EB7E2 /* Info.plist */,
			);
			path = calender_appTests;
			sourceTree = "<group>";
		};
		1BA252172197D0ED000EB7E2 /* calender_appUITests */ = {
			isa = PBXGroup;
			children = (
				1BA252182197D0ED000EB7E2 /* calender_appUITests.swift */,
				1BA2521A2197D0ED000EB7E2 /* Info.plist */,
			);
			path = calender_appUITests;
			sourceTree = "<group>";
		};
/* End PBXGroup section */

/* Begin PBXNativeTarget section */
		1BA251F12197D0EA000EB7E2 /* calender_app */ = {
			isa = PBXNativeTarget;
			buildConfigurationList = 1BA2521D2197D0ED000EB7E2 /* Build configuration list for PBXNativeTarget "calender_app" */;
			buildPhases = (
				1BA251EE2197D0EA000EB7E2 /* Sources */,
				1BA251EF2197D0EA000EB7E2 /* Frameworks */,
				1BA251F02197D0EA000EB7E2 /* Resources */,
			);
			buildRules = (
			);
			dependencies = (
			);
			name = calender_app;
			productName = calender_app;
			productReference = 1BA251F22197D0EA000EB7E2 /* calender_app.app */;
			productType = "com.apple.product-type.application";
		};
		1BA252082197D0ED000EB7E2 /* calender_appTests */ = {
			isa = PBXNativeTarget;
			buildConfigurationList = 1BA252202197D0ED000EB7E2 /* Build configuration list for PBXNativeTarget "calender_appTests" */;
			buildPhases = (
				1BA252052197D0ED000EB7E2 /* Sources */,
				1BA252062197D0ED000EB7E2 /* Frameworks */,
				1BA252072197D0ED000EB7E2 /* Resources */,
			);
			buildRules = (
			);
			dependencies = (
				1BA2520B2197D0ED000EB7E2 /* PBXTargetDependency */,
			);
			name = calender_appTests;
			productName = calender_appTests;
			productReference = 1BA252092197D0ED000EB7E2 /* calender_appTests.xctest */;
			productType = "com.apple.product-type.bundle.unit-test";
		};
		1BA252132197D0ED000EB7E2 /* calender_appUITests */ = {
			isa = PBXNativeTarget;
			buildConfigurationList = 1BA252232197D0ED000EB7E2 /* Build configuration list for PBXNativeTarget "calender_appUITests" */;
			buildPhases = (
				1BA252102197D0ED000EB7E2 /* Sources */,
				1BA252112197D0ED000EB7E2 /* Frameworks */,
				1BA252122197D0ED000EB7E2 /* Resources */,
			);
			buildRules = (
			);
			dependencies = (
				1BA252162197D0ED000EB7E2 /* PBXTargetDependency */,
			);
			name = calender_appUITests;
			productName = calender_appUITests;
			productReference = 1BA252142197D0ED000EB7E2 /* calender_appUITests.xctest */;
			productType = "com.apple.product-type.bundle.ui-testing";
		};
/* End PBXNativeTarget section */

/* Begin PBXProject section */
		1BA251EA2197D0EA000EB7E2 /* Project object */ = {
			isa = PBXProject;
			attributes = {
				LastSwiftUpdateCheck = 1010;
				LastUpgradeCheck = 1010;
				ORGANIZATIONNAME = "Ryusei Wada";
				TargetAttributes = {
					1BA251F12197D0EA000EB7E2 = {
						CreatedOnToolsVersion = 10.1;
					};
					1BA252082197D0ED000EB7E2 = {
						CreatedOnToolsVersion = 10.1;
						TestTargetID = 1BA251F12197D0EA000EB7E2;
					};
					1BA252132197D0ED000EB7E2 = {
						CreatedOnToolsVersion = 10.1;
						TestTargetID = 1BA251F12197D0EA000EB7E2;
					};
				};
			};
			buildConfigurationList = 1BA251ED2197D0EA000EB7E2 /* Build configuration list for PBXProject "calender_app" */;
			compatibilityVersion = "Xcode 9.3";
			developmentRegion = en;
			hasScannedForEncodings = 0;
			knownRegions = (
				en,
				Base,
			);
			mainGroup = 1BA251E92197D0EA000EB7E2;
			productRefGroup = 1BA251F32197D0EA000EB7E2 /* Products */;
			projectDirPath = "";
			projectRoot = "";
			targets = (
				1BA251F12197D0EA000EB7E2 /* calender_app */,
				1BA252082197D0ED000EB7E2 /* calender_appTests */,
				1BA252132197D0ED000EB7E2 /* calender_appUITests */,
			);
		};
/* End PBXProject section */

/* Begin PBXResourcesBuildPhase section */
		1BA251F02197D0EA000EB7E2 /* Resources */ = {
			isa = PBXResourcesBuildPhase;
			buildActionMask = 2147483647;
			files = (
				1BA252032197D0ED000EB7E2 /* LaunchScreen.storyboard in Resources */,
				1BA252002197D0ED000EB7E2 /* Assets.xcassets in Resources */,
				1BA251FB2197D0EA000EB7E2 /* Main.storyboard in Resources */,
			);
			runOnlyForDeploymentPostprocessing = 0;
		};
		1BA252072197D0ED000EB7E2 /* Resources */ = {
			isa = PBXResourcesBuildPhase;
			buildActionMask = 2147483647;
			files = (
			);
			runOnlyForDeploymentPostprocessing = 0;
		};
		1BA252122197D0ED000EB7E2 /* Resources */ = {
			isa = PBXResourcesBuildPhase;
			buildActionMask = 2147483647;
			files = (
			);
			runOnlyForDeploymentPostprocessing = 0;
		};
/* End PBXResourcesBuildPhase section */

/* Begin PBXSourcesBuildPhase section */
		1BA251EE2197D0EA000EB7E2 /* Sources */ = {
			isa = PBXSourcesBuildPhase;
			buildActionMask = 2147483647;
			files = (
				1BA251F82197D0EA000EB7E2 /* ViewController.swift in Sources */,
				1BA251F62197D0EA000EB7E2 /* AppDelegate.swift in Sources */,
				1BA251FE2197D0EA000EB7E2 /* calender_app.xcdatamodeld in Sources */,
			);
			runOnlyForDeploymentPostprocessing = 0;
		};
		1BA252052197D0ED000EB7E2 /* Sources */ = {
			isa = PBXSourcesBuildPhase;
			buildActionMask = 2147483647;
			files = (
				1BA2520E2197D0ED000EB7E2 /* calender_appTests.swift in Sources */,
			);
			runOnlyForDeploymentPostprocessing = 0;
		};
		1BA252102197D0ED000EB7E2 /* Sources */ = {
			isa = PBXSourcesBuildPhase;
			buildActionMask = 2147483647;
			files = (
				1BA252192197D0ED000EB7E2 /* calender_appUITests.swift in Sources */,
			);
			runOnlyForDeploymentPostprocessing = 0;
		};
/* End PBXSourcesBuildPhase section */

/* Begin PBXTargetDependency section */
		1BA2520B2197D0ED000EB7E2 /* PBXTargetDependency */ = {
			isa = PBXTargetDependency;
			target = 1BA251F12197D0EA000EB7E2 /* calender_app */;
			targetProxy = 1BA2520A2197D0ED000EB7E2 /* PBXContainerItemProxy */;
		};
		1BA252162197D0ED000EB7E2 /* PBXTargetDependency */ = {
			isa = PBXTargetDependency;
			target = 1BA251F12197D0EA000EB7E2 /* calender_app */;
			targetProxy = 1BA252152197D0ED000EB7E2 /* PBXContainerItemProxy */;
		};
/* End PBXTargetDependency section */

/* Begin PBXVariantGroup section */
		1BA251F92197D0EA000EB7E2 /* Main.storyboard */ = {
			isa = PBXVariantGroup;
			children = (
				1BA251FA2197D0EA000EB7E2 /* Base */,
			);
			name = Main.storyboard;
			sourceTree = "<group>";
		};
		1BA252012197D0ED000EB7E2 /* LaunchScreen.storyboard */ = {
			isa = PBXVariantGroup;
			children = (
				1BA252022197D0ED000EB7E2 /* Base */,
			);
			name = LaunchScreen.storyboard;
			sourceTree = "<group>";
		};
/* End PBXVariantGroup section */

/* Begin XCBuildConfiguration section */
		1BA2521B2197D0ED000EB7E2 /* Debug */ = {
			isa = XCBuildConfiguration;
			buildSettings = {
				ALWAYS_SEARCH_USER_PATHS = NO;
				CLANG_ANALYZER_NONNULL = YES;
				CLANG_ANALYZER_NUMBER_OBJECT_CONVERSION = YES_AGGRESSIVE;
				CLANG_CXX_LANGUAGE_STANDARD = "gnu++14";
				CLANG_CXX_LIBRARY = "libc++";
				CLANG_ENABLE_MODULES = YES;
				CLANG_ENABLE_OBJC_ARC = YES;
				CLANG_ENABLE_OBJC_WEAK = YES;
				CLANG_WARN_BLOCK_CAPTURE_AUTORELEASING = YES;
				CLANG_WARN_BOOL_CONVERSION = YES;
				CLANG_WARN_COMMA = YES;
				CLANG_WARN_CONSTANT_CONVERSION = YES;
				CLANG_WARN_DEPRECATED_OBJC_IMPLEMENTATIONS = YES;
				CLANG_WARN_DIRECT_OBJC_ISA_USAGE = YES_ERROR;
				CLANG_WARN_DOCUMENTATION_COMMENTS = YES;
				CLANG_WARN_EMPTY_BODY = YES;
				CLANG_WARN_ENUM_CONVERSION = YES;
				CLANG_WARN_INFINITE_RECURSION = YES;
				CLANG_WARN_INT_CONVERSION = YES;
				CLANG_WARN_NON_LITERAL_NULL_CONVERSION = YES;
				CLANG_WARN_OBJC_IMPLICIT_RETAIN_SELF = YES;
				CLANG_WARN_OBJC_LITERAL_CONVERSION = YES;
				CLANG_WARN_OBJC_ROOT_CLASS = YES_ERROR;
				CLANG_WARN_RANGE_LOOP_ANALYSIS = YES;
				CLANG_WARN_STRICT_PROTOTYPES = YES;
				CLANG_WARN_SUSPICIOUS_MOVE = YES;
				CLANG_WARN_UNGUARDED_AVAILABILITY = YES_AGGRESSIVE;
				CLANG_WARN_UNREACHABLE_CODE = YES;
				CLANG_WARN__DUPLICATE_METHOD_MATCH = YES;
				CODE_SIGN_IDENTITY = "iPhone Developer";
				COPY_PHASE_STRIP = NO;
				DEBUG_INFORMATION_FORMAT = dwarf;
				ENABLE_STRICT_OBJC_MSGSEND = YES;
				ENABLE_TESTABILITY = YES;
				GCC_C_LANGUAGE_STANDARD = gnu11;
				GCC_DYNAMIC_NO_PIC = NO;
				GCC_NO_COMMON_BLOCKS = YES;
				GCC_OPTIMIZATION_LEVEL = 0;
				GCC_PREPROCESSOR_DEFINITIONS = (
					"DEBUG=1",
					"$(inherited)",
				);
				GCC_WARN_64_TO_32_BIT_CONVERSION = YES;
				GCC_WARN_ABOUT_RETURN_TYPE = YES_ERROR;
				GCC_WARN_UNDECLARED_SELECTOR = YES;
				GCC_WARN_UNINITIALIZED_AUTOS = YES_AGGRESSIVE;
				GCC_WARN_UNUSED_FUNCTION = YES;
				GCC_WARN_UNUSED_VARIABLE = YES;
				IPHONEOS_DEPLOYMENT_TARGET = 12.1;
				MTL_ENABLE_DEBUG_INFO = INCLUDE_SOURCE;
				MTL_FAST_MATH = YES;
				ONLY_ACTIVE_ARCH = YES;
				SDKROOT = iphoneos;
				SWIFT_ACTIVE_COMPILATION_CONDITIONS = DEBUG;
				SWIFT_OPTIMIZATION_LEVEL = "-Onone";
			};
			name = Debug;
		};
		1BA2521C2197D0ED000EB7E2 /* Release */ = {
			isa = XCBuildConfiguration;
			buildSettings = {
				ALWAYS_SEARCH_USER_PATHS = NO;
				CLANG_ANALYZER_NONNULL = YES;
				CLANG_ANALYZER_NUMBER_OBJECT_CONVERSION = YES_AGGRESSIVE;
				CLANG_CXX_LANGUAGE_STANDARD = "gnu++14";
				CLANG_CXX_LIBRARY = "libc++";
				CLANG_ENABLE_MODULES = YES;
				CLANG_ENABLE_OBJC_ARC = YES;
				CLANG_ENABLE_OBJC_WEAK = YES;
				CLANG_WARN_BLOCK_CAPTURE_AUTORELEASING = YES;
				CLANG_WARN_BOOL_CONVERSION = YES;
				CLANG_WARN_COMMA = YES;
				CLANG_WARN_CONSTANT_CONVERSION = YES;
				CLANG_WARN_DEPRECATED_OBJC_IMPLEMENTATIONS = YES;
				CLANG_WARN_DIRECT_OBJC_ISA_USAGE = YES_ERROR;
				CLANG_WARN_DOCUMENTATION_COMMENTS = YES;
				CLANG_WARN_EMPTY_BODY = YES;
				CLANG_WARN_ENUM_CONVERSION = YES;
				CLANG_WARN_INFINITE_RECURSION = YES;
				CLANG_WARN_INT_CONVERSION = YES;
				CLANG_WARN_NON_LITERAL_NULL_CONVERSION = YES;
				CLANG_WARN_OBJC_IMPLICIT_RETAIN_SELF = YES;
				CLANG_WARN_OBJC_LITERAL_CONVERSION = YES;
				CLANG_WARN_OBJC_ROOT_CLASS = YES_ERROR;
				CLANG_WARN_RANGE_LOOP_ANALYSIS = YES;
				CLANG_WARN_STRICT_PROTOTYPES = YES;
				CLANG_WARN_SUSPICIOUS_MOVE = YES;
				CLANG_WARN_UNGUARDED_AVAILABILITY = YES_AGGRESSIVE;
				CLANG_WARN_UNREACHABLE_CODE = YES;
				CLANG_WARN__DUPLICATE_METHOD_MATCH = YES;
				CODE_SIGN_IDENTITY = "iPhone Developer";
				COPY_PHASE_STRIP = NO;
				DEBUG_INFORMATION_FORMAT = "dwarf-with-dsym";
				ENABLE_NS_ASSERTIONS = NO;
				ENABLE_STRICT_OBJC_MSGSEND = YES;
				GCC_C_LANGUAGE_STANDARD = gnu11;
				GCC_NO_COMMON_BLOCKS = YES;
				GCC_WARN_64_TO_32_BIT_CONVERSION = YES;
				GCC_WARN_ABOUT_RETURN_TYPE = YES_ERROR;
				GCC_WARN_UNDECLARED_SELECTOR = YES;
				GCC_WARN_UNINITIALIZED_AUTOS = YES_AGGRESSIVE;
				GCC_WARN_UNUSED_FUNCTION = YES;
				GCC_WARN_UNUSED_VARIABLE = YES;
				IPHONEOS_DEPLOYMENT_TARGET = 12.1;
				MTL_ENABLE_DEBUG_INFO = NO;
				MTL_FAST_MATH = YES;
				SDKROOT = iphoneos;
				SWIFT_COMPILATION_MODE = wholemodule;
				SWIFT_OPTIMIZATION_LEVEL = "-O";
				VALIDATE_PRODUCT = YES;
			};
			name = Release;
		};
		1BA2521E2197D0ED000EB7E2 /* Debug */ = {
			isa = XCBuildConfiguration;
			buildSettings = {
				ASSETCATALOG_COMPILER_APPICON_NAME = AppIcon;
				CODE_SIGN_STYLE = Automatic;
				DEVELOPMENT_TEAM = T7C88E67XW;
				INFOPLIST_FILE = calender_app/Info.plist;
				LD_RUNPATH_SEARCH_PATHS = (
					"$(inherited)",
					"@executable_path/Frameworks",
				);
				PRODUCT_BUNDLE_IDENTIFIER = "wadadon.calender-app";
				PRODUCT_NAME = "$(TARGET_NAME)";
				SWIFT_VERSION = 4.2;
				TARGETED_DEVICE_FAMILY = "1,2";
			};
			name = Debug;
		};
		1BA2521F2197D0ED000EB7E2 /* Release */ = {
			isa = XCBuildConfiguration;
			buildSettings = {
				ASSETCATALOG_COMPILER_APPICON_NAME = AppIcon;
				CODE_SIGN_STYLE = Automatic;
				DEVELOPMENT_TEAM = T7C88E67XW;
				INFOPLIST_FILE = calender_app/Info.plist;
				LD_RUNPATH_SEARCH_PATHS = (
					"$(inherited)",
					"@executable_path/Frameworks",
				);
				PRODUCT_BUNDLE_IDENTIFIER = "wadadon.calender-app";
				PRODUCT_NAME = "$(TARGET_NAME)";
				SWIFT_VERSION = 4.2;
				TARGETED_DEVICE_FAMILY = "1,2";
			};
			name = Release;
		};
		1BA252212197D0ED000EB7E2 /* Debug */ = {
			isa = XCBuildConfiguration;
			buildSettings = {
				ALWAYS_EMBED_SWIFT_STANDARD_LIBRARIES = YES;
				BUNDLE_LOADER = "$(TEST_HOST)";
				CODE_SIGN_STYLE = Automatic;
				DEVELOPMENT_TEAM = T7C88E67XW;
				INFOPLIST_FILE = calender_appTests/Info.plist;
				LD_RUNPATH_SEARCH_PATHS = (
					"$(inherited)",
					"@executable_path/Frameworks",
					"@loader_path/Frameworks",
				);
				PRODUCT_BUNDLE_IDENTIFIER = "wadadon.calender-appTests";
				PRODUCT_NAME = "$(TARGET_NAME)";
				SWIFT_VERSION = 4.2;
				TARGETED_DEVICE_FAMILY = "1,2";
				TEST_HOST = "$(BUILT_PRODUCTS_DIR)/calender_app.app/calender_app";
			};
			name = Debug;
		};
		1BA252222197D0ED000EB7E2 /* Release */ = {
			isa = XCBuildConfiguration;
			buildSettings = {
				ALWAYS_EMBED_SWIFT_STANDARD_LIBRARIES = YES;
				BUNDLE_LOADER = "$(TEST_HOST)";
				CODE_SIGN_STYLE = Automatic;
				DEVELOPMENT_TEAM = T7C88E67XW;
				INFOPLIST_FILE = calender_appTests/Info.plist;
				LD_RUNPATH_SEARCH_PATHS = (
					"$(inherited)",
					"@executable_path/Frameworks",
					"@loader_path/Frameworks",
				);
				PRODUCT_BUNDLE_IDENTIFIER = "wadadon.calender-appTests";
				PRODUCT_NAME = "$(TARGET_NAME)";
				SWIFT_VERSION = 4.2;
				TARGETED_DEVICE_FAMILY = "1,2";
				TEST_HOST = "$(BUILT_PRODUCTS_DIR)/calender_app.app/calender_app";
			};
			name = Release;
		};
		1BA252242197D0ED000EB7E2 /* Debug */ = {
			isa = XCBuildConfiguration;
			buildSettings = {
				ALWAYS_EMBED_SWIFT_STANDARD_LIBRARIES = YES;
				CODE_SIGN_STYLE = Automatic;
				DEVELOPMENT_TEAM = T7C88E67XW;
				INFOPLIST_FILE = calender_appUITests/Info.plist;
				LD_RUNPATH_SEARCH_PATHS = (
					"$(inherited)",
					"@executable_path/Frameworks",
					"@loader_path/Frameworks",
				);
				PRODUCT_BUNDLE_IDENTIFIER = "wadadon.calender-appUITests";
				PRODUCT_NAME = "$(TARGET_NAME)";
				SWIFT_VERSION = 4.2;
				TARGETED_DEVICE_FAMILY = "1,2";
				TEST_TARGET_NAME = calender_app;
			};
			name = Debug;
		};
		1BA252252197D0ED000EB7E2 /* Release */ = {
			isa = XCBuildConfiguration;
			buildSettings = {
				ALWAYS_EMBED_SWIFT_STANDARD_LIBRARIES = YES;
				CODE_SIGN_STYLE = Automatic;
				DEVELOPMENT_TEAM = T7C88E67XW;
				INFOPLIST_FILE = calender_appUITests/Info.plist;
				LD_RUNPATH_SEARCH_PATHS = (
					"$(inherited)",
					"@executable_path/Frameworks",
					"@loader_path/Frameworks",
				);
				PRODUCT_BUNDLE_IDENTIFIER = "wadadon.calender-appUITests";
				PRODUCT_NAME = "$(TARGET_NAME)";
				SWIFT_VERSION = 4.2;
				TARGETED_DEVICE_FAMILY = "1,2";
				TEST_TARGET_NAME = calender_app;
			};
			name = Release;
		};
/* End XCBuildConfiguration section */

/* Begin XCConfigurationList section */
		1BA251ED2197D0EA000EB7E2 /* Build configuration list for PBXProject "calender_app" */ = {
			isa = XCConfigurationList;
			buildConfigurations = (
				1BA2521B2197D0ED000EB7E2 /* Debug */,
				1BA2521C2197D0ED000EB7E2 /* Release */,
			);
			defaultConfigurationIsVisible = 0;
			defaultConfigurationName = Release;
		};
		1BA2521D2197D0ED000EB7E2 /* Build configuration list for PBXNativeTarget "calender_app" */ = {
			isa = XCConfigurationList;
			buildConfigurations = (
				1BA2521E2197D0ED000EB7E2 /* Debug */,
				1BA2521F2197D0ED000EB7E2 /* Release */,
			);
			defaultConfigurationIsVisible = 0;
			defaultConfigurationName = Release;
		};
		1BA252202197D0ED000EB7E2 /* Build configuration list for PBXNativeTarget "calender_appTests" */ = {
			isa = XCConfigurationList;
			buildConfigurations = (
				1BA252212197D0ED000EB7E2 /* Debug */,
				1BA252222197D0ED000EB7E2 /* Release */,
			);
			defaultConfigurationIsVisible = 0;
			defaultConfigurationName = Release;
		};
		1BA252232197D0ED000EB7E2 /* Build configuration list for PBXNativeTarget "calender_appUITests" */ = {
			isa = XCConfigurationList;
			buildConfigurations = (
				1BA252242197D0ED000EB7E2 /* Debug */,
				1BA252252197D0ED000EB7E2 /* Release */,
			);
			defaultConfigurationIsVisible = 0;
			defaultConfigurationName = Release;
		};
/* End XCConfigurationList section */

/* Begin XCVersionGroup section */
		1BA251FC2197D0EA000EB7E2 /* calender_app.xcdatamodeld */ = {
			isa = XCVersionGroup;
			children = (
				1BA251FD2197D0EA000EB7E2 /* calender_app.xcdatamodel */,
			);
			currentVersion = 1BA251FD2197D0EA000EB7E2 /* calender_app.xcdatamodel */;
			path = calender_app.xcdatamodeld;
			sourceTree = "<group>";
			versionGroupType = wrapper.xcdatamodel;
		};
/* End XCVersionGroup section */
	};
	rootObject = 1BA251EA2197D0EA000EB7E2 /* Project object */;
}
